
Microsoft Visual Studio Solution File, Format Version 12.00
# Visual Studio Version 16
VisualStudioVersion = 16.0.30717.126
MinimumVisualStudioVersion = 10.0.40219.1
Project("{FAE04EC0-301F-11D3-BF4B-00C04F79EFBC}") = "PPS4", "PPS4.csproj", "{FA74A509-FBB6-4EF6-9C9A-4777A24D0BC3}"
EndProject
Global
	GlobalSection(SolutionConfigurationPlatforms) = preSolution
		Debug|Any CPU = Debug|Any CPU
		Release|Any CPU = Release|Any CPU
	EndGlobalSection
	GlobalSection(ProjectConfigurationPlatforms) = postSolution
		{FA74A509-FBB6-4EF6-9C9A-4777A24D0BC3}.Debug|Any CPU.ActiveCfg = Debug|Any CPU
		{FA74A509-FBB6-4EF6-9C9A-4777A24D0BC3}.Debug|Any CPU.Build.0 = Debug|Any CPU
		{FA74A509-FBB6-4EF6-9C9A-4777A24D0BC3}.Release|Any CPU.ActiveCfg = Release|Any CPU
		{FA74A509-FBB6-4EF6-9C9A-4777A24D0BC3}.Release|Any CPU.Build.0 = Release|Any CPU
	EndGlobalSection
	GlobalSection(SolutionProperties) = preSolution
		HideSolutionNode = FALSE
	EndGlobalSection
	GlobalSection(ExtensibilityGlobals) = postSolution
		SolutionGuid = {0F86BC00-79FE-44F1-89F3-56B8F0FDABAA}
	EndGlobalSection
EndGlobal
